
Microsoft Visual Studio Solution File, Format Version 12.00
# TcXaeShell Solution File, Format Version 11.00
VisualStudioVersion = 17.7.34302.85
MinimumVisualStudioVersion = 10.0.40219.1
Project("{FE7A1B72-C5B7-4D7C-BB7D-76384D4DE8E1}") = "EventVideoPlayback-HMI", "EventVideoPlayback-HMI\EventVideoPlayback-HMI.hmiproj", "{6435CB89-CE24-4792-A3CB-870F1444030F}"
EndProject
Global
	GlobalSection(SolutionConfigurationPlatforms) = preSolution
		Debug|TwinCAT HMI = Debug|TwinCAT HMI
		Release|TwinCAT HMI = Release|TwinCAT HMI
	EndGlobalSection
	GlobalSection(ProjectConfigurationPlatforms) = postSolution
		{6435CB89-CE24-4792-A3CB-870F1444030F}.Debug|TwinCAT HMI.ActiveCfg = Debug|TwinCAT HMI
		{6435CB89-CE24-4792-A3CB-870F1444030F}.Debug|TwinCAT HMI.Build.0 = Debug|TwinCAT HMI
		{6435CB89-CE24-4792-A3CB-870F1444030F}.Release|TwinCAT HMI.ActiveCfg = Release|TwinCAT HMI
		{6435CB89-CE24-4792-A3CB-870F1444030F}.Release|TwinCAT HMI.Build.0 = Release|TwinCAT HMI
	EndGlobalSection
	GlobalSection(SolutionProperties) = preSolution
		HideSolutionNode = FALSE
	EndGlobalSection
	GlobalSection(ExtensibilityGlobals) = postSolution
		SolutionGuid = {2A768786-781D-4FA8-9046-59C27F51D538}
	EndGlobalSection
EndGlobal
