
Microsoft Visual Studio Solution File, Format Version 12.00
# TcXaeShell Solution File, Format Version 11.00
VisualStudioVersion = 17.10.35827.194
MinimumVisualStudioVersion = 10.0.40219.1
Project("{FE7A1B72-C5B7-4D7C-BB7D-76384D4DE8E1}") = "EVP_Basics", "EVP_Basics\EVP_Basics.hmiproj", "{E2B7F4B0-9F9B-4F5D-B1A0-A4F850C93DA3}"
EndProject
Global
	GlobalSection(SolutionConfigurationPlatforms) = preSolution
		Debug|TwinCAT HMI = Debug|TwinCAT HMI
		Release|TwinCAT HMI = Release|TwinCAT HMI
	EndGlobalSection
	GlobalSection(ProjectConfigurationPlatforms) = postSolution
		{E2B7F4B0-9F9B-4F5D-B1A0-A4F850C93DA3}.Debug|TwinCAT HMI.ActiveCfg = Debug|TwinCAT HMI
		{E2B7F4B0-9F9B-4F5D-B1A0-A4F850C93DA3}.Debug|TwinCAT HMI.Build.0 = Debug|TwinCAT HMI
		{E2B7F4B0-9F9B-4F5D-B1A0-A4F850C93DA3}.Release|TwinCAT HMI.ActiveCfg = Release|TwinCAT HMI
		{E2B7F4B0-9F9B-4F5D-B1A0-A4F850C93DA3}.Release|TwinCAT HMI.Build.0 = Release|TwinCAT HMI
	EndGlobalSection
	GlobalSection(SolutionProperties) = preSolution
		HideSolutionNode = FALSE
	EndGlobalSection
	GlobalSection(ExtensibilityGlobals) = postSolution
		SolutionGuid = {4CF0CE22-CD29-4BE1-A462-6FD2389CD86E}
	EndGlobalSection
EndGlobal
